Microsoft Visual Studio Solution File, Format Version 12.00
# Visual Studio 14
VisualStudioVersion = 14.0.25420.1
MinimumVisualStudioVersion = 10.0.40219.1
Project("{FAE04EC0-301F-11D3-BF4B-00C04F79EFBC}") = "GettingStarted.DesignPattern.Singleton", "GettingStarted.DesignPattern.Singleton\GettingStarted.DesignPattern.Singleton.csproj", "{C248CC1A-9DFC-453E-81E7-CF1BB521D33B}"
EndProject
Project("{2150E333-8FDC-42A3-9474-1A3956D46DE8}") = "01.CreationalPatterns", "01.CreationalPatterns", "{FBFCD70E-A1B9-49B7-90FA-D59EC38133DF}"
EndProject
Project("{2150E333-8FDC-42A3-9474-1A3956D46DE8}") = "02.StructuralPatterns", "02.StructuralPatterns", "{60228973-B38E-4328-87C0-AA44EC173EF7}"
EndProject
Project("{2150E333-8FDC-42A3-9474-1A3956D46DE8}") = "03.BehavioralPatterns", "03.BehavioralPatterns", "{2478F033-10D1-4028-B868-156D8D03B5B4}"
EndProject
Project("{FAE04EC0-301F-11D3-BF4B-00C04F79EFBC}") = "GettingStarted.DesignPattern.TemplateMethod", "GettingStarted.DesignPattern.TemplateMethod\GettingStarted.DesignPattern.TemplateMethod.csproj", "{CC4E4CD9-E571-468A-A75A-BDF09C6AA352}"
EndProject
Global
	GlobalSection(SolutionConfigurationPlatforms) = preSolution
		Debug|Any CPU = Debug|Any CPU
		Release|Any CPU = Release|Any CPU
	EndGlobalSection
	GlobalSection(ProjectConfigurationPlatforms) = postSolution
		{C248CC1A-9DFC-453E-81E7-CF1BB521D33B}.Debug|Any CPU.ActiveCfg = Debug|Any CPU
		{C248CC1A-9DFC-453E-81E7-CF1BB521D33B}.Debug|Any CPU.Build.0 = Debug|Any CPU
		{C248CC1A-9DFC-453E-81E7-CF1BB521D33B}.Release|Any CPU.ActiveCfg = Release|Any CPU
		{C248CC1A-9DFC-453E-81E7-CF1BB521D33B}.Release|Any CPU.Build.0 = Release|Any CPU
		{CC4E4CD9-E571-468A-A75A-BDF09C6AA352}.Debug|Any CPU.ActiveCfg = Debug|Any CPU
		{CC4E4CD9-E571-468A-A75A-BDF09C6AA352}.Debug|Any CPU.Build.0 = Debug|Any CPU
		{CC4E4CD9-E571-468A-A75A-BDF09C6AA352}.Release|Any CPU.ActiveCfg = Release|Any CPU
		{CC4E4CD9-E571-468A-A75A-BDF09C6AA352}.Release|Any CPU.Build.0 = Release|Any CPU
	EndGlobalSection
	GlobalSection(SolutionProperties) = preSolution
		HideSolutionNode = FALSE
	EndGlobalSection
	GlobalSection(NestedProjects) = preSolution
		{C248CC1A-9DFC-453E-81E7-CF1BB521D33B} = {FBFCD70E-A1B9-49B7-90FA-D59EC38133DF}
		{CC4E4CD9-E571-468A-A75A-BDF09C6AA352} = {2478F033-10D1-4028-B868-156D8D03B5B4}
	EndGlobalSection
EndGlobal
